
Microsoft Visual Studio Solution File, Format Version 12.00
# Visual Studio 2012
Project("{FAE04EC0-301F-11D3-BF4B-00C04F79EFBC}") = "TfsUtils", "TfsUtils\TfsUtils.csproj", "{B08E4844-C25F-4B26-B940-929570989328}"
EndProject
Project("{FAE04EC0-301F-11D3-BF4B-00C04F79EFBC}") = "TfsRetrospectiveTool", "TfsRetrospectiveTool\TfsRetrospectiveTool.csproj", "{7DC64AAC-F589-4C1A-84F8-C2BCA438D5DE}"
EndProject
Global
	GlobalSection(SolutionConfigurationPlatforms) = preSolution
		Debug|Any CPU = Debug|Any CPU
		Release|Any CPU = Release|Any CPU
	EndGlobalSection
	GlobalSection(ProjectConfigurationPlatforms) = postSolution
		{B08E4844-C25F-4B26-B940-929570989328}.Debug|Any CPU.ActiveCfg = Debug|Any CPU
		{B08E4844-C25F-4B26-B940-929570989328}.Debug|Any CPU.Build.0 = Debug|Any CPU
		{B08E4844-C25F-4B26-B940-929570989328}.Release|Any CPU.ActiveCfg = Release|Any CPU
		{B08E4844-C25F-4B26-B940-929570989328}.Release|Any CPU.Build.0 = Release|Any CPU
		{7DC64AAC-F589-4C1A-84F8-C2BCA438D5DE}.Debug|Any CPU.ActiveCfg = Debug|Any CPU
		{7DC64AAC-F589-4C1A-84F8-C2BCA438D5DE}.Debug|Any CPU.Build.0 = Debug|Any CPU
		{7DC64AAC-F589-4C1A-84F8-C2BCA438D5DE}.Release|Any CPU.ActiveCfg = Release|Any CPU
		{7DC64AAC-F589-4C1A-84F8-C2BCA438D5DE}.Release|Any CPU.Build.0 = Release|Any CPU
	EndGlobalSection
	GlobalSection(SolutionProperties) = preSolution
		HideSolutionNode = FALSE
	EndGlobalSection
EndGlobal
